
Microsoft Visual Studio Solution File, Format Version 12.00
# Visual Studio 15
VisualStudioVersion = 15.0.26621.2
MinimumVisualStudioVersion = 10.0.40219.1
Project("{FAE04EC0-301F-11D3-BF4B-00C04F79EFBC}") = "WebApplication1", "WebApplication1\WebApplication1.csproj", "{151FABA8-7F34-4FB5-B9F6-E1E9896EA433}"
EndProject
Project("{E53339B2-1760-4266-BCC7-CA923CBCF16C}") = "docker-compose", "docker-compose.dcproj", "{C8E04138-0768-49E7-A295-7E74050F330F}"
EndProject
Global
	GlobalSection(SolutionConfigurationPlatforms) = preSolution
		Debug|Any CPU = Debug|Any CPU
		Release|Any CPU = Release|Any CPU
	EndGlobalSection
	GlobalSection(ProjectConfigurationPlatforms) = postSolution
		{151FABA8-7F34-4FB5-B9F6-E1E9896EA433}.Debug|Any CPU.ActiveCfg = Debug|Any CPU
		{151FABA8-7F34-4FB5-B9F6-E1E9896EA433}.Debug|Any CPU.Build.0 = Debug|Any CPU
		{151FABA8-7F34-4FB5-B9F6-E1E9896EA433}.Release|Any CPU.ActiveCfg = Release|Any CPU
		{151FABA8-7F34-4FB5-B9F6-E1E9896EA433}.Release|Any CPU.Build.0 = Release|Any CPU
		{C8E04138-0768-49E7-A295-7E74050F330F}.Debug|Any CPU.ActiveCfg = Debug|Any CPU
		{C8E04138-0768-49E7-A295-7E74050F330F}.Debug|Any CPU.Build.0 = Debug|Any CPU
		{C8E04138-0768-49E7-A295-7E74050F330F}.Release|Any CPU.ActiveCfg = Release|Any CPU
		{C8E04138-0768-49E7-A295-7E74050F330F}.Release|Any CPU.Build.0 = Release|Any CPU
	EndGlobalSection
	GlobalSection(SolutionProperties) = preSolution
		HideSolutionNode = FALSE
	EndGlobalSection
	GlobalSection(ExtensibilityGlobals) = postSolution
		SolutionGuid = {7745ED92-BDBF-4460-8420-F2DDA7D3CCD3}
	EndGlobalSection
EndGlobal
